// !$*UTF8*$!
{
	archiveVersion = 1;
	classes = {
	};
	objectVersion = 50;
	objects = {

/* Begin PBXBuildFile section */
		426ADBEE2540E7D300C1EF89 /* AppDelegate.swift in Sources */ = {isa = PBXBuildFile; fileRef = 426ADBED2540E7D300C1EF89 /* AppDelegate.swift */; };
		426ADBF02540E7D300C1EF89 /* SceneDelegate.swift in Sources */ = {isa = PBXBuildFile; fileRef = 426ADBEF2540E7D300C1EF89 /* SceneDelegate.swift */; };
		426ADBF22540E7D300C1EF89 /* WeatherViewController.swift in Sources */ = {isa = PBXBuildFile; fileRef = 426ADBF12540E7D300C1EF89 /* WeatherViewController.swift */; };
		426ADBF52540E7D300C1EF89 /* Main.storyboard in Resources */ = {isa = PBXBuildFile; fileRef = 426ADBF32540E7D300C1EF89 /* Main.storyboard */; };
		426ADBF72540E7D400C1EF89 /* Assets.xcassets in Resources */ = {isa = PBXBuildFile; fileRef = 426ADBF62540E7D400C1EF89 /* Assets.xcassets */; };
		426ADBFA2540E7D400C1EF89 /* LaunchScreen.storyboard in Resources */ = {isa = PBXBuildFile; fileRef = 426ADBF82540E7D400C1EF89 /* LaunchScreen.storyboard */; };
		42A562B62548C09200F93EB2 /* WeatherContol.swift in Sources */ = {isa = PBXBuildFile; fileRef = 42A562B52548C09200F93EB2 /* WeatherContol.swift */; };
		42A562BA2548C0B200F93EB2 /* WeatherData.swift in Sources */ = {isa = PBXBuildFile; fileRef = 42A562B92548C0B200F93EB2 /* WeatherData.swift */; };
		42A562BD2548C0CB00F93EB2 /* WeatherModel.swift in Sources */ = {isa = PBXBuildFile; fileRef = 42A562BC2548C0CB00F93EB2 /* WeatherModel.swift */; };
/* End PBXBuildFile section */

/* Begin PBXFileReference section */
		426ADBEA2540E7D300C1EF89 /* Weather touch.app */ = {isa = PBXFileReference; explicitFileType = wrapper.application; includeInIndex = 0; path = "Weather touch.app"; sourceTree = BUILT_PRODUCTS_DIR; };
		426ADBED2540E7D300C1EF89 /* AppDelegate.swift */ = {isa = PBXFileReference; lastKnownFileType = sourcecode.swift; path = AppDelegate.swift; sourceTree = "<group>"; };
		426ADBEF2540E7D300C1EF89 /* SceneDelegate.swift */ = {isa = PBXFileReference; lastKnownFileType = sourcecode.swift; path = SceneDelegate.swift; sourceTree = "<group>"; };
		426ADBF12540E7D300C1EF89 /* WeatherViewController.swift */ = {isa = PBXFileReference; lastKnownFileType = sourcecode.swift; path = WeatherViewController.swift; sourceTree = "<group>"; };
		426ADBF42540E7D300C1EF89 /* Base */ = {isa = PBXFileReference; lastKnownFileType = file.storyboard; name = Base; path = Base.lproj/Main.storyboard; sourceTree = "<group>"; };
		426ADBF62540E7D400C1EF89 /* Assets.xcassets */ = {isa = PBXFileReference; lastKnownFileType = folder.assetcatalog; path = Assets.xcassets; sourceTree = "<group>"; };
		426ADBF92540E7D400C1EF89 /* Base */ = {isa = PBXFileReference; lastKnownFileType = file.storyboard; name = Base; path = Base.lproj/LaunchScreen.storyboard; sourceTree = "<group>"; };
		426ADBFB2540E7D400C1EF89 /* Info.plist */ = {isa = PBXFileReference; lastKnownFileType = text.plist.xml; path = Info.plist; sourceTree = "<group>"; };
		42A562B52548C09200F93EB2 /* WeatherContol.swift */ = {isa = PBXFileReference; lastKnownFileType = sourcecode.swift; path = WeatherContol.swift; sourceTree = "<group>"; };
		42A562B92548C0B200F93EB2 /* WeatherData.swift */ = {isa = PBXFileReference; lastKnownFileType = sourcecode.swift; path = WeatherData.swift; sourceTree = "<group>"; };
		42A562BC2548C0CB00F93EB2 /* WeatherModel.swift */ = {isa = PBXFileReference; lastKnownFileType = sourcecode.swift; path = WeatherModel.swift; sourceTree = "<group>"; };
/* End PBXFileReference section */

/* Begin PBXFrameworksBuildPhase section */
		426ADBE72540E7D300C1EF89 /* Frameworks */ = {
			isa = PBXFrameworksBuildPhase;
			buildActionMask = 2147483647;
			files = (
			);
			runOnlyForDeploymentPostprocessing = 0;
		};
/* End PBXFrameworksBuildPhase section */

/* Begin PBXGroup section */
		426ADBE12540E7D300C1EF89 = {
			isa = PBXGroup;
			children = (
				426ADBEC2540E7D300C1EF89 /* Weather touch */,
				426ADBEB2540E7D300C1EF89 /* Products */,
			);
			sourceTree = "<group>";
		};
		426ADBEB2540E7D300C1EF89 /* Products */ = {
			isa = PBXGroup;
			children = (
				426ADBEA2540E7D300C1EF89 /* Weather touch.app */,
			);
			name = Products;
			sourceTree = "<group>";
		};
		426ADBEC2540E7D300C1EF89 /* Weather touch */ = {
			isa = PBXGroup;
			children = (
				426ADBED2540E7D300C1EF89 /* AppDelegate.swift */,
				426ADBEF2540E7D300C1EF89 /* SceneDelegate.swift */,
				42A562B42548C05C00F93EB2 /* Model */,
				42A562B22548C01400F93EB2 /* View */,
				42A562B32548C02B00F93EB2 /* Controller */,
				426ADBF82540E7D400C1EF89 /* LaunchScreen.storyboard */,
				426ADBF62540E7D400C1EF89 /* Assets.xcassets */,
				426ADBFB2540E7D400C1EF89 /* Info.plist */,
			);
			path = "Weather touch";
			sourceTree = "<group>";
		};
		42A562B22548C01400F93EB2 /* View */ = {
			isa = PBXGroup;
			children = (
				426ADBF32540E7D300C1EF89 /* Main.storyboard */,
			);
			path = View;
			sourceTree = "<group>";
		};
		42A562B32548C02B00F93EB2 /* Controller */ = {
			isa = PBXGroup;
			children = (
				426ADBF12540E7D300C1EF89 /* WeatherViewController.swift */,
			);
			path = Controller;
			sourceTree = "<group>";
		};
		42A562B42548C05C00F93EB2 /* Model */ = {
			isa = PBXGroup;
			children = (
				42A562B52548C09200F93EB2 /* WeatherContol.swift */,
				42A562B92548C0B200F93EB2 /* WeatherData.swift */,
				42A562BC2548C0CB00F93EB2 /* WeatherModel.swift */,
			);
			path = Model;
			sourceTree = "<group>";
		};
/* End PBXGroup section */

/* Begin PBXNativeTarget section */
		426ADBE92540E7D300C1EF89 /* Weather touch */ = {
			isa = PBXNativeTarget;
			buildConfigurationList = 426ADBFE2540E7D400C1EF89 /* Build configuration list for PBXNativeTarget "Weather touch" */;
			buildPhases = (
				426ADBE62540E7D300C1EF89 /* Sources */,
				426ADBE72540E7D300C1EF89 /* Frameworks */,
				426ADBE82540E7D300C1EF89 /* Resources */,
			);
			buildRules = (
			);
			dependencies = (
			);
			name = "Weather touch";
			productName = "Weather touch";
			productReference = 426ADBEA2540E7D300C1EF89 /* Weather touch.app */;
			productType = "com.apple.product-type.application";
		};
/* End PBXNativeTarget section */

/* Begin PBXProject section */
		426ADBE22540E7D300C1EF89 /* Project object */ = {
			isa = PBXProject;
			attributes = {
				LastSwiftUpdateCheck = 1200;
				LastUpgradeCheck = 1200;
				TargetAttributes = {
					426ADBE92540E7D300C1EF89 = {
						CreatedOnToolsVersion = 12.0.1;
					};
				};
			};
			buildConfigurationList = 426ADBE52540E7D300C1EF89 /* Build configuration list for PBXProject "Weather touch" */;
			compatibilityVersion = "Xcode 9.3";
			developmentRegion = en;
			hasScannedForEncodings = 0;
			knownRegions = (
				en,
				Base,
			);
			mainGroup = 426ADBE12540E7D300C1EF89;
			productRefGroup = 426ADBEB2540E7D300C1EF89 /* Products */;
			projectDirPath = "";
			projectRoot = "";
			targets = (
				426ADBE92540E7D300C1EF89 /* Weather touch */,
			);
		};
/* End PBXProject section */

/* Begin PBXResourcesBuildPhase section */
		426ADBE82540E7D300C1EF89 /* Resources */ = {
			isa = PBXResourcesBuildPhase;
			buildActionMask = 2147483647;
			files = (
				426ADBFA2540E7D400C1EF89 /* LaunchScreen.storyboard in Resources */,
				426ADBF72540E7D400C1EF89 /* Assets.xcassets in Resources */,
				426ADBF52540E7D300C1EF89 /* Main.storyboard in Resources */,
			);
			runOnlyForDeploymentPostprocessing = 0;
		};
/* End PBXResourcesBuildPhase section */

/* Begin PBXSourcesBuildPhase section */
		426ADBE62540E7D300C1EF89 /* Sources */ = {
			isa = PBXSourcesBuildPhase;
			buildActionMask = 2147483647;
			files = (
				426ADBF22540E7D300C1EF89 /* WeatherViewController.swift in Sources */,
				42A562BA2548C0B200F93EB2 /* WeatherData.swift in Sources */,
				42A562B62548C09200F93EB2 /* WeatherContol.swift in Sources */,
				426ADBEE2540E7D300C1EF89 /* AppDelegate.swift in Sources */,
				42A562BD2548C0CB00F93EB2 /* WeatherModel.swift in Sources */,
				426ADBF02540E7D300C1EF89 /* SceneDelegate.swift in Sources */,
			);
			runOnlyForDeploymentPostprocessing = 0;
		};
/* End PBXSourcesBuildPhase section */

/* Begin PBXVariantGroup section */
		426ADBF32540E7D300C1EF89 /* Main.storyboard */ = {
			isa = PBXVariantGroup;
			children = (
				426ADBF42540E7D300C1EF89 /* Base */,
			);
			name = Main.storyboard;
			sourceTree = "<group>";
		};
		426ADBF82540E7D400C1EF89 /* LaunchScreen.storyboard */ = {
			isa = PBXVariantGroup;
			children = (
				426ADBF92540E7D400C1EF89 /* Base */,
			);
			name = LaunchScreen.storyboard;
			sourceTree = "<group>";
		};
/* End PBXVariantGroup section */

/* Begin XCBuildConfiguration section */
		426ADBFC2540E7D400C1EF89 /* Debug */ = {
			isa = XCBuildConfiguration;
			buildSettings = {
				ALWAYS_SEARCH_USER_PATHS = NO;
				CLANG_ANALYZER_NONNULL = YES;
				CLANG_ANALYZER_NUMBER_OBJECT_CONVERSION = YES_AGGRESSIVE;
				CLANG_CXX_LANGUAGE_STANDARD = "gnu++14";
				CLANG_CXX_LIBRARY = "libc++";
				CLANG_ENABLE_MODULES = YES;
				CLANG_ENABLE_OBJC_ARC = YES;
				CLANG_ENABLE_OBJC_WEAK = YES;
				CLANG_WARN_BLOCK_CAPTURE_AUTORELEASING = YES;
				CLANG_WARN_BOOL_CONVERSION = YES;
				CLANG_WARN_COMMA = YES;
				CLANG_WARN_CONSTANT_CONVERSION = YES;
				CLANG_WARN_DEPRECATED_OBJC_IMPLEMENTATIONS = YES;
				CLANG_WARN_DIRECT_OBJC_ISA_USAGE = YES_ERROR;
				CLANG_WARN_DOCUMENTATION_COMMENTS = YES;
				CLANG_WARN_EMPTY_BODY = YES;
				CLANG_WARN_ENUM_CONVERSION = YES;
				CLANG_WARN_INFINITE_RECURSION = YES;
				CLANG_WARN_INT_CONVERSION = YES;
				CLANG_WARN_NON_LITERAL_NULL_CONVERSION = YES;
				CLANG_WARN_OBJC_IMPLICIT_RETAIN_SELF = YES;
				CLANG_WARN_OBJC_LITERAL_CONVERSION = YES;
				CLANG_WARN_OBJC_ROOT_CLASS = YES_ERROR;
				CLANG_WARN_QUOTED_INCLUDE_IN_FRAMEWORK_HEADER = YES;
				CLANG_WARN_RANGE_LOOP_ANALYSIS = YES;
				CLANG_WARN_STRICT_PROTOTYPES = YES;
				CLANG_WARN_SUSPICIOUS_MOVE = YES;
				CLANG_WARN_UNGUARDED_AVAILABILITY = YES_AGGRESSIVE;
				CLANG_WARN_UNREACHABLE_CODE = YES;
				CLANG_WARN__DUPLICATE_METHOD_MATCH = YES;
				COPY_PHASE_STRIP = NO;
				DEBUG_INFORMATION_FORMAT = dwarf;
				ENABLE_STRICT_OBJC_MSGSEND = YES;
				ENABLE_TESTABILITY = YES;
				GCC_C_LANGUAGE_STANDARD = gnu11;
				GCC_DYNAMIC_NO_PIC = NO;
				GCC_NO_COMMON_BLOCKS = YES;
				GCC_OPTIMIZATION_LEVEL = 0;
				GCC_PREPROCESSOR_DEFINITIONS = (
					"DEBUG=1",
					"$(inherited)",
				);
				GCC_WARN_64_TO_32_BIT_CONVERSION = YES;
				GCC_WARN_ABOUT_RETURN_TYPE = YES_ERROR;
				GCC_WARN_UNDECLARED_SELECTOR = YES;
				GCC_WARN_UNINITIALIZED_AUTOS = YES_AGGRESSIVE;
				GCC_WARN_UNUSED_FUNCTION = YES;
				GCC_WARN_UNUSED_VARIABLE = YES;
				IPHONEOS_DEPLOYMENT_TARGET = 14.0;
				MTL_ENABLE_DEBUG_INFO = INCLUDE_SOURCE;
				MTL_FAST_MATH = YES;
				ONLY_ACTIVE_ARCH = YES;
				SDKROOT = iphoneos;
				SWIFT_ACTIVE_COMPILATION_CONDITIONS = DEBUG;
				SWIFT_OPTIMIZATION_LEVEL = "-Onone";
			};
			name = Debug;
		};
		426ADBFD2540E7D400C1EF89 /* Release */ = {
			isa = XCBuildConfiguration;
			buildSettings = {
				ALWAYS_SEARCH_USER_PATHS = NO;
				CLANG_ANALYZER_NONNULL = YES;
				CLANG_ANALYZER_NUMBER_OBJECT_CONVERSION = YES_AGGRESSIVE;
				CLANG_CXX_LANGUAGE_STANDARD = "gnu++14";
				CLANG_CXX_LIBRARY = "libc++";
				CLANG_ENABLE_MODULES = YES;
				CLANG_ENABLE_OBJC_ARC = YES;
				CLANG_ENABLE_OBJC_WEAK = YES;
				CLANG_WARN_BLOCK_CAPTURE_AUTORELEASING = YES;
				CLANG_WARN_BOOL_CONVERSION = YES;
				CLANG_WARN_COMMA = YES;
				CLANG_WARN_CONSTANT_CONVERSION = YES;
				CLANG_WARN_DEPRECATED_OBJC_IMPLEMENTATIONS = YES;
				CLANG_WARN_DIRECT_OBJC_ISA_USAGE = YES_ERROR;
				CLANG_WARN_DOCUMENTATION_COMMENTS = YES;
				CLANG_WARN_EMPTY_BODY = YES;
				CLANG_WARN_ENUM_CONVERSION = YES;
				CLANG_WARN_INFINITE_RECURSION = YES;
				CLANG_WARN_INT_CONVERSION = YES;
				CLANG_WARN_NON_LITERAL_NULL_CONVERSION = YES;
				CLANG_WARN_OBJC_IMPLICIT_RETAIN_SELF = YES;
				CLANG_WARN_OBJC_LITERAL_CONVERSION = YES;
				CLANG_WARN_OBJC_ROOT_CLASS = YES_ERROR;
				CLANG_WARN_QUOTED_INCLUDE_IN_FRAMEWORK_HEADER = YES;
				CLANG_WARN_RANGE_LOOP_ANALYSIS = YES;
				CLANG_WARN_STRICT_PROTOTYPES = YES;
				CLANG_WARN_SUSPICIOUS_MOVE = YES;
				CLANG_WARN_UNGUARDED_AVAILABILITY = YES_AGGRESSIVE;
				CLANG_WARN_UNREACHABLE_CODE = YES;
				CLANG_WARN__DUPLICATE_METHOD_MATCH = YES;
				COPY_PHASE_STRIP = NO;
				DEBUG_INFORMATION_FORMAT = "dwarf-with-dsym";
				ENABLE_NS_ASSERTIONS = NO;
				ENABLE_STRICT_OBJC_MSGSEND = YES;
				GCC_C_LANGUAGE_STANDARD = gnu11;
				GCC_NO_COMMON_BLOCKS = YES;
				GCC_WARN_64_TO_32_BIT_CONVERSION = YES;
				GCC_WARN_ABOUT_RETURN_TYPE = YES_ERROR;
				GCC_WARN_UNDECLARED_SELECTOR = YES;
				GCC_WARN_UNINITIALIZED_AUTOS = YES_AGGRESSIVE;
				GCC_WARN_UNUSED_FUNCTION = YES;
				GCC_WARN_UNUSED_VARIABLE = YES;
				IPHONEOS_DEPLOYMENT_TARGET = 14.0;
				MTL_ENABLE_DEBUG_INFO = NO;
				MTL_FAST_MATH = YES;
				SDKROOT = iphoneos;
				SWIFT_COMPILATION_MODE = wholemodule;
				SWIFT_OPTIMIZATION_LEVEL = "-O";
				VALIDATE_PRODUCT = YES;
			};
			name = Release;
		};
		426ADBFF2540E7D400C1EF89 /* Debug */ = {
			isa = XCBuildConfiguration;
			buildSettings = {
				ASSETCATALOG_COMPILER_APPICON_NAME = AppIcon;
				ASSETCATALOG_COMPILER_GLOBAL_ACCENT_COLOR_NAME = AccentColor;
				CODE_SIGN_STYLE = Automatic;
				DEVELOPMENT_TEAM = 6Q2LTKUN66;
				INFOPLIST_FILE = "Weather touch/Info.plist";
				LD_RUNPATH_SEARCH_PATHS = (
					"$(inherited)",
					"@executable_path/Frameworks",
				);
				PRODUCT_BUNDLE_IDENTIFIER = "co.saifur.Weather-touch";
				PRODUCT_NAME = "$(TARGET_NAME)";
				SWIFT_VERSION = 5.0;
				TARGETED_DEVICE_FAMILY = "1,2";
			};
			name = Debug;
		};
		426ADC002540E7D400C1EF89 /* Release */ = {
			isa = XCBuildConfiguration;
			buildSettings = {
				ASSETCATALOG_COMPILER_APPICON_NAME = AppIcon;
				ASSETCATALOG_COMPILER_GLOBAL_ACCENT_COLOR_NAME = AccentColor;
				CODE_SIGN_STYLE = Automatic;
				DEVELOPMENT_TEAM = 6Q2LTKUN66;
				INFOPLIST_FILE = "Weather touch/Info.plist";
				LD_RUNPATH_SEARCH_PATHS = (
					"$(inherited)",
					"@executable_path/Frameworks",
				);
				PRODUCT_BUNDLE_IDENTIFIER = "co.saifur.Weather-touch";
				PRODUCT_NAME = "$(TARGET_NAME)";
				SWIFT_VERSION = 5.0;
				TARGETED_DEVICE_FAMILY = "1,2";
			};
			name = Release;
		};
/* End XCBuildConfiguration section */

/* Begin XCConfigurationList section */
		426ADBE52540E7D300C1EF89 /* Build configuration list for PBXProject "Weather touch" */ = {
			isa = XCConfigurationList;
			buildConfigurations = (
				426ADBFC2540E7D400C1EF89 /* Debug */,
				426ADBFD2540E7D400C1EF89 /* Release */,
			);
			defaultConfigurationIsVisible = 0;
			defaultConfigurationName = Release;
		};
		426ADBFE2540E7D400C1EF89 /* Build configuration list for PBXNativeTarget "Weather touch" */ = {
			isa = XCConfigurationList;
			buildConfigurations = (
				426ADBFF2540E7D400C1EF89 /* Debug */,
				426ADC002540E7D400C1EF89 /* Release */,
			);
			defaultConfigurationIsVisible = 0;
			defaultConfigurationName = Release;
		};
/* End XCConfigurationList section */
	};
	rootObject = 426ADBE22540E7D300C1EF89 /* Project object */;
}
